
Microsoft Visual Studio Solution File, Format Version 12.00
# Visual Studio Version 16
VisualStudioVersion = 16.0.31515.178
MinimumVisualStudioVersion = 10.0.40219.1
Project("{FAE04EC0-301F-11D3-BF4B-00C04F79EFBC}") = "QueueDemo", "QueueDemo\QueueDemo.csproj", "{179A303B-FC9B-48F8-8DA6-1E0EC8156BAC}"
EndProject
Global
	GlobalSection(SolutionConfigurationPlatforms) = preSolution
		Debug|Any CPU = Debug|Any CPU
		Release|Any CPU = Release|Any CPU
	EndGlobalSection
	GlobalSection(ProjectConfigurationPlatforms) = postSolution
		{179A303B-FC9B-48F8-8DA6-1E0EC8156BAC}.Debug|Any CPU.ActiveCfg = Debug|Any CPU
		{179A303B-FC9B-48F8-8DA6-1E0EC8156BAC}.Debug|Any CPU.Build.0 = Debug|Any CPU
		{179A303B-FC9B-48F8-8DA6-1E0EC8156BAC}.Release|Any CPU.ActiveCfg = Release|Any CPU
		{179A303B-FC9B-48F8-8DA6-1E0EC8156BAC}.Release|Any CPU.Build.0 = Release|Any CPU
	EndGlobalSection
	GlobalSection(SolutionProperties) = preSolution
		HideSolutionNode = FALSE
	EndGlobalSection
	GlobalSection(ExtensibilityGlobals) = postSolution
		SolutionGuid = {C625417E-738B-4008-BCF6-D4C4323365F7}
	EndGlobalSection
EndGlobal
